
Microsoft Visual Studio Solution File, Format Version 12.00
# Visual Studio Version 17
VisualStudioVersion = 17.2.32526.322
MinimumVisualStudioVersion = 10.0.40219.1
Project("{9A19103F-16F7-4668-BE54-9A1E7A4F7556}") = "Server", "TCPIP\Server.csproj", "{9E16BAD6-18D2-44F3-9A4D-182E05734DBF}"
EndProject
Project("{FAE04EC0-301F-11D3-BF4B-00C04F79EFBC}") = "Client", "Client\Client.csproj", "{7F95257F-D5E6-4702-9961-4C5831855B7F}"
EndProject
Global
	GlobalSection(SolutionConfigurationPlatforms) = preSolution
		Debug|Any CPU = Debug|Any CPU
		Release|Any CPU = Release|Any CPU
	EndGlobalSection
	GlobalSection(ProjectConfigurationPlatforms) = postSolution
		{9E16BAD6-18D2-44F3-9A4D-182E05734DBF}.Debug|Any CPU.ActiveCfg = Debug|Any CPU
		{9E16BAD6-18D2-44F3-9A4D-182E05734DBF}.Debug|Any CPU.Build.0 = Debug|Any CPU
		{9E16BAD6-18D2-44F3-9A4D-182E05734DBF}.Release|Any CPU.ActiveCfg = Release|Any CPU
		{9E16BAD6-18D2-44F3-9A4D-182E05734DBF}.Release|Any CPU.Build.0 = Release|Any CPU
		{7F95257F-D5E6-4702-9961-4C5831855B7F}.Debug|Any CPU.ActiveCfg = Debug|Any CPU
		{7F95257F-D5E6-4702-9961-4C5831855B7F}.Debug|Any CPU.Build.0 = Debug|Any CPU
		{7F95257F-D5E6-4702-9961-4C5831855B7F}.Release|Any CPU.ActiveCfg = Release|Any CPU
		{7F95257F-D5E6-4702-9961-4C5831855B7F}.Release|Any CPU.Build.0 = Release|Any CPU
	EndGlobalSection
	GlobalSection(SolutionProperties) = preSolution
		HideSolutionNode = FALSE
	EndGlobalSection
	GlobalSection(ExtensibilityGlobals) = postSolution
		SolutionGuid = {F1386B19-2F81-431E-8761-1CD4E2CCF71F}
	EndGlobalSection
EndGlobal
